{
  "version": 4,
  "terraform_version": "0.12.13",
  "serial": 4,
  "lineage": "4e094ffa-d939-4b2e-41a1-a9b7188510b2",
  "outputs": {},
  "resources": [
    {
      "mode": "data",
      "type": "azurerm_network_security_group",
      "name": "windows_sg",
      "provider": "provider.azurerm",
      "instances": [
        {
          "schema_version": 0,
          "attributes": {
            "id": "/subscriptions/f7872157-29f2-4b08-8fb5-b899670ee909/resourceGroups/RaiseITAutomation/providers/Microsoft.Network/networkSecurityGroups/windows_sg",
            "location": "eastus2",
            "name": "windows_sg",
            "resource_group_name": "RaiseITAutomation",
            "security_rule": [],
            "tags": {},
            "timeouts": null
          },
          "depends_on": [
            "data.azurerm_resource_group.rg"
          ]
        }
      ]
    },
    {
      "mode": "data",
      "type": "azurerm_resource_group",
      "name": "rg",
      "provider": "provider.azurerm",
      "instances": [
        {
          "schema_version": 0,
          "attributes": {
            "id": "/subscriptions/f7872157-29f2-4b08-8fb5-b899670ee909/resourceGroups/RaiseITAutomation",
            "location": "eastus2",
            "name": "RaiseITAutomation",
            "tags": {},
            "timeouts": null
          }
        }
      ]
    },
    {
      "mode": "data",
      "type": "azurerm_storage_account",
      "name": "sa",
      "provider": "provider.azurerm",
      "instances": [
        {
          "schema_version": 0,
          "attributes": {
            "access_tier": "Hot",
            "account_encryption_source": "Microsoft.Storage",
            "account_kind": "StorageV2",
            "account_replication_type": "RAGRS",
            "account_tier": "Standard",
            "custom_domain": null,
            "enable_blob_encryption": true,
            "enable_file_encryption": true,
            "enable_https_traffic_only": true,
            "id": "/subscriptions/f7872157-29f2-4b08-8fb5-b899670ee909/resourceGroups/RaiseITAutomation/providers/Microsoft.Storage/storageAccounts/raiseitstorageaccount",
            "is_hns_enabled": false,
            "location": "eastus2",
            "name": "raiseitstorageaccount",
            "primary_access_key": "9rphMGlnCuhki7OArocdu+Tzn6NCby2gmlhKrId9j430ybXJeP94o4IedIFBfDdMd9B6uNDXozj/a6IYSd1Hbg==",
            "primary_blob_connection_string": "DefaultEndpointsProtocol=https;BlobEndpoint=https://raiseitstorageaccount.blob.core.windows.net/;AccountName=raiseitstorageaccount;AccountKey=9rphMGlnCuhki7OArocdu+Tzn6NCby2gmlhKrId9j430ybXJeP94o4IedIFBfDdMd9B6uNDXozj/a6IYSd1Hbg==",
            "primary_blob_endpoint": "https://raiseitstorageaccount.blob.core.windows.net/",
            "primary_blob_host": "raiseitstorageaccount.blob.core.windows.net",
            "primary_connection_string": "DefaultEndpointsProtocol=https;AccountName=raiseitstorageaccount;AccountKey=9rphMGlnCuhki7OArocdu+Tzn6NCby2gmlhKrId9j430ybXJeP94o4IedIFBfDdMd9B6uNDXozj/a6IYSd1Hbg==;EndpointSuffix=core.windows.net",
            "primary_dfs_endpoint": "https://raiseitstorageaccount.dfs.core.windows.net/",
            "primary_dfs_host": "raiseitstorageaccount.dfs.core.windows.net",
            "primary_file_endpoint": "https://raiseitstorageaccount.file.core.windows.net/",
            "primary_file_host": "raiseitstorageaccount.file.core.windows.net",
            "primary_location": "eastus2",
            "primary_queue_endpoint": "https://raiseitstorageaccount.queue.core.windows.net/",
            "primary_queue_host": "raiseitstorageaccount.queue.core.windows.net",
            "primary_table_endpoint": "https://raiseitstorageaccount.table.core.windows.net/",
            "primary_table_host": "raiseitstorageaccount.table.core.windows.net",
            "primary_web_endpoint": "https://raiseitstorageaccount.z20.web.core.windows.net/",
            "primary_web_host": "raiseitstorageaccount.z20.web.core.windows.net",
            "resource_group_name": "RaiseITAutomation",
            "secondary_access_key": "q+UJkSVVifHitgVm8cySPBib28cuLzNts542pIpgcLCN/wUdtbbLv8WeX/B3zvXgXg1+U57CknC5/KU6RiLVEg==",
            "secondary_blob_connection_string": "DefaultEndpointsProtocol=https;BlobEndpoint=https://raiseitstorageaccount-secondary.blob.core.windows.net/;AccountName=raiseitstorageaccount;AccountKey=q+UJkSVVifHitgVm8cySPBib28cuLzNts542pIpgcLCN/wUdtbbLv8WeX/B3zvXgXg1+U57CknC5/KU6RiLVEg==",
            "secondary_blob_endpoint": "https://raiseitstorageaccount-secondary.blob.core.windows.net/",
            "secondary_blob_host": "raiseitstorageaccount-secondary.blob.core.windows.net",
            "secondary_connection_string": "DefaultEndpointsProtocol=https;AccountName=raiseitstorageaccount;AccountKey=q+UJkSVVifHitgVm8cySPBib28cuLzNts542pIpgcLCN/wUdtbbLv8WeX/B3zvXgXg1+U57CknC5/KU6RiLVEg==;EndpointSuffix=core.windows.net",
            "secondary_dfs_endpoint": "https://raiseitstorageaccount-secondary.dfs.core.windows.net/",
            "secondary_dfs_host": "raiseitstorageaccount-secondary.dfs.core.windows.net",
            "secondary_file_endpoint": "",
            "secondary_file_host": "",
            "secondary_location": "centralus",
            "secondary_queue_endpoint": "https://raiseitstorageaccount-secondary.queue.core.windows.net/",
            "secondary_queue_host": "raiseitstorageaccount-secondary.queue.core.windows.net",
            "secondary_table_endpoint": "https://raiseitstorageaccount-secondary.table.core.windows.net/",
            "secondary_table_host": "raiseitstorageaccount-secondary.table.core.windows.net",
            "secondary_web_endpoint": "https://raiseitstorageaccount-secondary.z20.web.core.windows.net/",
            "secondary_web_host": "raiseitstorageaccount-secondary.z20.web.core.windows.net",
            "tags": {},
            "timeouts": null
          },
          "depends_on": [
            "data.azurerm_resource_group.rg"
          ]
        }
      ]
    },
    {
      "mode": "data",
      "type": "azurerm_subnet",
      "name": "HexaDemo",
      "provider": "provider.azurerm",
      "instances": [
        {
          "schema_version": 0,
          "attributes": {
            "address_prefix": "10.2.42.0/27",
            "enforce_private_link_endpoint_network_policies": false,
            "enforce_private_link_service_network_policies": false,
            "id": "/subscriptions/f7872157-29f2-4b08-8fb5-b899670ee909/resourceGroups/RaiseITAutomation/providers/Microsoft.Network/virtualNetworks/Hexanet/subnets/HexaDemo",
            "ip_configurations": [],
            "name": "HexaDemo",
            "network_security_group_id": "",
            "resource_group_name": "RaiseITAutomation",
            "route_table_id": "",
            "service_endpoints": [],
            "timeouts": null,
            "virtual_network_name": "Hexanet"
          },
          "depends_on": [
            "data.azurerm_resource_group.rg",
            "data.azurerm_virtual_network.Hexanet"
          ]
        }
      ]
    },
    {
      "mode": "data",
      "type": "azurerm_virtual_network",
      "name": "Hexanet",
      "provider": "provider.azurerm",
      "instances": [
        {
          "schema_version": 0,
          "attributes": {
            "address_space": [
              "10.2.42.0/27"
            ],
            "address_spaces": [
              "10.2.42.0/27"
            ],
            "dns_servers": null,
            "id": "/subscriptions/f7872157-29f2-4b08-8fb5-b899670ee909/resourceGroups/RaiseITAutomation/providers/Microsoft.Network/virtualNetworks/Hexanet",
            "location": "eastus2",
            "name": "Hexanet",
            "resource_group_name": "RaiseITAutomation",
            "subnets": [
              "HexaDemo"
            ],
            "timeouts": null,
            "vnet_peerings": {}
          },
          "depends_on": [
            "data.azurerm_resource_group.rg"
          ]
        }
      ]
    },
    {
      "mode": "managed",
      "type": "azurerm_network_interface",
      "name": "HexaNIC",
      "provider": "provider.azurerm",
      "instances": [
        {
          "schema_version": 0,
          "attributes": {
            "applied_dns_servers": [],
            "dns_servers": [],
            "enable_accelerated_networking": false,
            "enable_ip_forwarding": false,
            "id": "/subscriptions/f7872157-29f2-4b08-8fb5-b899670ee909/resourceGroups/RaiseITAutomation/providers/Microsoft.Network/networkInterfaces/HexaNIC",
            "internal_dns_name_label": "",
            "internal_fqdn": "",
            "ip_configuration": [
              {
                "application_gateway_backend_address_pools_ids": [],
                "application_security_group_ids": [],
                "load_balancer_backend_address_pools_ids": [],
                "load_balancer_inbound_nat_rules_ids": [],
                "name": "ipconfig",
                "primary": true,
                "private_ip_address": "10.2.42.4",
                "private_ip_address_allocation": "dynamic",
                "private_ip_address_version": "IPv4",
                "public_ip_address_id": "/subscriptions/f7872157-29f2-4b08-8fb5-b899670ee909/resourceGroups/RaiseITAutomation/providers/Microsoft.Network/publicIPAddresses/HexaPIP",
                "subnet_id": "/subscriptions/f7872157-29f2-4b08-8fb5-b899670ee909/resourceGroups/RaiseITAutomation/providers/Microsoft.Network/virtualNetworks/Hexanet/subnets/HexaDemo"
              }
            ],
            "location": "eastus2",
            "mac_address": "",
            "name": "HexaNIC",
            "network_security_group_id": "/subscriptions/f7872157-29f2-4b08-8fb5-b899670ee909/resourceGroups/RaiseITAutomation/providers/Microsoft.Network/networkSecurityGroups/windows_sg",
            "private_ip_address": "10.2.42.4",
            "private_ip_addresses": [
              "10.2.42.4"
            ],
            "resource_group_name": "RaiseITAutomation",
            "tags": {},
            "virtual_machine_id": null
          },
          "private": "bnVsbA==",
          "depends_on": [
            "azurerm_public_ip.HexaPIP",
            "data.azurerm_network_security_group.windows_sg",
            "data.azurerm_resource_group.rg",
            "data.azurerm_subnet.HexaDemo"
          ]
        }
      ]
    },
    {
      "mode": "managed",
      "type": "azurerm_public_ip",
      "name": "HexaPIP",
      "provider": "provider.azurerm",
      "instances": [
        {
          "schema_version": 0,
          "attributes": {
            "allocation_method": "Dynamic",
            "domain_name_label": null,
            "fqdn": null,
            "id": "/subscriptions/f7872157-29f2-4b08-8fb5-b899670ee909/resourceGroups/RaiseITAutomation/providers/Microsoft.Network/publicIPAddresses/HexaPIP",
            "idle_timeout_in_minutes": 4,
            "ip_address": "",
            "ip_version": "IPv4",
            "location": "eastus2",
            "name": "HexaPIP",
            "public_ip_address_allocation": "Dynamic",
            "public_ip_prefix_id": null,
            "resource_group_name": "RaiseITAutomation",
            "reverse_fqdn": null,
            "sku": "Basic",
            "tags": {},
            "zones": null
          },
          "private": "bnVsbA==",
          "depends_on": [
            "data.azurerm_resource_group.rg"
          ]
        }
      ]
    },
    {
      "mode": "managed",
      "type": "azurerm_virtual_machine",
      "name": "Hexademo",
      "provider": "provider.azurerm",
      "instances": [
        {
          "schema_version": 0,
          "attributes": {
            "additional_capabilities": [],
            "availability_set_id": null,
            "boot_diagnostics": [
              {
                "enabled": true,
                "storage_uri": "https://raiseitstorageaccount.blob.core.windows.net/"
              }
            ],
            "delete_data_disks_on_termination": false,
            "delete_os_disk_on_termination": true,
            "id": "/subscriptions/f7872157-29f2-4b08-8fb5-b899670ee909/resourceGroups/RaiseITAutomation/providers/Microsoft.Compute/virtualMachines/Hexa002",
            "identity": [],
            "license_type": null,
            "location": "eastus2",
            "name": "Hexa002",
            "network_interface_ids": [
              "/subscriptions/f7872157-29f2-4b08-8fb5-b899670ee909/resourceGroups/RaiseITAutomation/providers/Microsoft.Network/networkInterfaces/HexaNIC"
            ],
            "os_profile": [
              {
                "admin_password": "",
                "admin_username": "testadmin",
                "computer_name": "Hexa002",
                "custom_data": ""
              }
            ],
            "os_profile_linux_config": [],
            "os_profile_secrets": [],
            "os_profile_windows_config": [
              {
                "additional_unattend_config": [],
                "enable_automatic_upgrades": false,
                "provision_vm_agent": false,
                "timezone": "",
                "winrm": []
              }
            ],
            "plan": [],
            "primary_network_interface_id": null,
            "proximity_placement_group_id": null,
            "resource_group_name": "RaiseITAutomation",
            "storage_data_disk": [],
            "storage_image_reference": [
              {
                "id": "",
                "offer": "WindowsServer",
                "publisher": "MicrosoftWindowsServer",
                "sku": "2016-Datacenter",
                "version": "latest"
              }
            ],
            "storage_os_disk": [
              {
                "caching": "ReadWrite",
                "create_option": "FromImage",
                "disk_size_gb": 127,
                "image_uri": "",
                "managed_disk_id": "/subscriptions/f7872157-29f2-4b08-8fb5-b899670ee909/resourceGroups/RAISEITAUTOMATION/providers/Microsoft.Compute/disks/myOsDisk",
                "managed_disk_type": "Standard_LRS",
                "name": "myOsDisk",
                "os_type": "Windows",
                "vhd_uri": "",
                "write_accelerator_enabled": false
              }
            ],
            "tags": {},
            "vm_size": "Standard_B1s",
            "zones": null
          },
          "private": "bnVsbA==",
          "depends_on": [
            "azurerm_network_interface.HexaNIC",
            "data.azurerm_resource_group.rg",
            "data.azurerm_storage_account.sa"
          ]
        }
      ]
    }
  ]
}
